
Microsoft Visual Studio Solution File, Format Version 12.00
# Visual Studio Version 17
VisualStudioVersion = 17.11.35312.102
MinimumVisualStudioVersion = 10.0.40219.1
Project("{FAE04EC0-301F-11D3-BF4B-00C04F79EFBC}") = "Entity", "Entity\Entity.csproj", "{4A1856CD-956E-4F4B-8B0E-B2306AE805A2}"
EndProject
Project("{FAE04EC0-301F-11D3-BF4B-00C04F79EFBC}") = "Data", "Data\Data.csproj", "{29CA84A9-B35E-4BE3-A3EF-DC9298802B0D}"
EndProject
Global
	GlobalSection(SolutionConfigurationPlatforms) = preSolution
		Debug|Any CPU = Debug|Any CPU
		Release|Any CPU = Release|Any CPU
	EndGlobalSection
	GlobalSection(ProjectConfigurationPlatforms) = postSolution
		{4A1856CD-956E-4F4B-8B0E-B2306AE805A2}.Debug|Any CPU.ActiveCfg = Debug|Any CPU
		{4A1856CD-956E-4F4B-8B0E-B2306AE805A2}.Debug|Any CPU.Build.0 = Debug|Any CPU
		{4A1856CD-956E-4F4B-8B0E-B2306AE805A2}.Release|Any CPU.ActiveCfg = Release|Any CPU
		{4A1856CD-956E-4F4B-8B0E-B2306AE805A2}.Release|Any CPU.Build.0 = Release|Any CPU
		{29CA84A9-B35E-4BE3-A3EF-DC9298802B0D}.Debug|Any CPU.ActiveCfg = Debug|Any CPU
		{29CA84A9-B35E-4BE3-A3EF-DC9298802B0D}.Debug|Any CPU.Build.0 = Debug|Any CPU
		{29CA84A9-B35E-4BE3-A3EF-DC9298802B0D}.Release|Any CPU.ActiveCfg = Release|Any CPU
		{29CA84A9-B35E-4BE3-A3EF-DC9298802B0D}.Release|Any CPU.Build.0 = Release|Any CPU
	EndGlobalSection
	GlobalSection(SolutionProperties) = preSolution
		HideSolutionNode = FALSE
	EndGlobalSection
	GlobalSection(ExtensibilityGlobals) = postSolution
		SolutionGuid = {77156E19-839E-4194-AE6C-7C8EEE77B764}
	EndGlobalSection
EndGlobal
